
Microsoft Visual Studio Solution File, Format Version 12.00
# Visual Studio Version 17
VisualStudioVersion = 17.2.32516.85
MinimumVisualStudioVersion = 10.0.40219.1
Project("{FAE04EC0-301F-11D3-BF4B-00C04F79EFBC}") = "AFCentral.Console", "AFCentral.Console\AFCentral.Console.csproj", "{D883CF56-2AD6-425D-B0A0-4B18882F580C}"
EndProject
Project("{FAE04EC0-301F-11D3-BF4B-00C04F79EFBC}") = "DataAccess", "DataAccess\DataAccess.csproj", "{75BEFA6F-5DF3-4240-A7C1-4B4F14DE7669}"
EndProject
Global
	GlobalSection(SolutionConfigurationPlatforms) = preSolution
		Debug|Any CPU = Debug|Any CPU
		Release|Any CPU = Release|Any CPU
	EndGlobalSection
	GlobalSection(ProjectConfigurationPlatforms) = postSolution
		{D883CF56-2AD6-425D-B0A0-4B18882F580C}.Debug|Any CPU.ActiveCfg = Debug|Any CPU
		{D883CF56-2AD6-425D-B0A0-4B18882F580C}.Debug|Any CPU.Build.0 = Debug|Any CPU
		{D883CF56-2AD6-425D-B0A0-4B18882F580C}.Release|Any CPU.ActiveCfg = Release|Any CPU
		{D883CF56-2AD6-425D-B0A0-4B18882F580C}.Release|Any CPU.Build.0 = Release|Any CPU
		{75BEFA6F-5DF3-4240-A7C1-4B4F14DE7669}.Debug|Any CPU.ActiveCfg = Debug|Any CPU
		{75BEFA6F-5DF3-4240-A7C1-4B4F14DE7669}.Debug|Any CPU.Build.0 = Debug|Any CPU
		{75BEFA6F-5DF3-4240-A7C1-4B4F14DE7669}.Release|Any CPU.ActiveCfg = Release|Any CPU
		{75BEFA6F-5DF3-4240-A7C1-4B4F14DE7669}.Release|Any CPU.Build.0 = Release|Any CPU
	EndGlobalSection
	GlobalSection(SolutionProperties) = preSolution
		HideSolutionNode = FALSE
	EndGlobalSection
	GlobalSection(ExtensibilityGlobals) = postSolution
		SolutionGuid = {3B12AC67-9B8D-4B66-9714-6480100032FB}
	EndGlobalSection
EndGlobal
